{
  "name": "topogram-proof-operations-ui-work-map",
  "version": "0.1.0",
  "lockfileVersion": 3,
  "requires": true,
  "packages": {
    "": {
      "name": "topogram-proof-operations-ui-work-map",
      "version": "0.1.0",
      "devDependencies": {
        "@topogram/cli": "0.3.113"
      }
    },
    "node_modules/@topogram/cli": {
      "version": "0.3.113",
      "resolved": "https://registry.npmjs.org/@topogram/cli/-/cli-0.3.113.tgz",
      "integrity": "sha512-8j10ZtBriQ1j0oDz6lbf4ZL9L4h5ZQaspvakkx7LxSWe8ax98jgmrEM6YeNB/2U9tvT72EueRl3x5gIma8lPXA==",
      "dev": true,
      "license": "Apache-2.0",
      "bin": {
        "topogram": "src/cli.js"
      },
      "engines": {
        "node": ">=20"
      }
    }
  }
}
