{
  "name": "topogram-proof-operations-ui-work-map",
  "version": "0.1.0",
  "lockfileVersion": 3,
  "requires": true,
  "packages": {
    "": {
      "name": "topogram-proof-operations-ui-work-map",
      "version": "0.1.0",
      "devDependencies": {
        "@topogram/cli": "0.3.112"
      }
    },
    "node_modules/@topogram/cli": {
      "version": "0.3.112",
      "resolved": "https://registry.npmjs.org/@topogram/cli/-/cli-0.3.112.tgz",
      "integrity": "sha512-pg1mZnkk8RryBp9rm2h1jJQsq9Cwu9g09j70fY+yxWRsGGLmChg9wcS4OgExB/T6wLJPBq/shrxFAOJ3LifmZA==",
      "dev": true,
      "license": "Apache-2.0",
      "bin": {
        "topogram": "src/cli.js"
      },
      "engines": {
        "node": ">=20"
      }
    }
  }
}
